
Microsoft Visual Studio Solution File, Format Version 12.00
# Visual Studio Version 17
VisualStudioVersion = 17.6.33723.286
MinimumVisualStudioVersion = 10.0.40219.1
Project("{FAE04EC0-301F-11D3-BF4B-00C04F79EFBC}") = "ImplementingLinkedList", "ImplementingLinkedList\ImplementingLinkedList.csproj", "{00E34418-6E1C-4E9A-A366-F87F54A51EE0}"
EndProject
Global
	GlobalSection(SolutionConfigurationPlatforms) = preSolution
		Debug|Any CPU = Debug|Any CPU
		Release|Any CPU = Release|Any CPU
	EndGlobalSection
	GlobalSection(ProjectConfigurationPlatforms) = postSolution
		{00E34418-6E1C-4E9A-A366-F87F54A51EE0}.Debug|Any CPU.ActiveCfg = Debug|Any CPU
		{00E34418-6E1C-4E9A-A366-F87F54A51EE0}.Debug|Any CPU.Build.0 = Debug|Any CPU
		{00E34418-6E1C-4E9A-A366-F87F54A51EE0}.Release|Any CPU.ActiveCfg = Release|Any CPU
		{00E34418-6E1C-4E9A-A366-F87F54A51EE0}.Release|Any CPU.Build.0 = Release|Any CPU
	EndGlobalSection
	GlobalSection(SolutionProperties) = preSolution
		HideSolutionNode = FALSE
	EndGlobalSection
	GlobalSection(ExtensibilityGlobals) = postSolution
		SolutionGuid = {4B8CB549-59FE-4F00-8EA7-7140C6EAF093}
	EndGlobalSection
EndGlobal
